
Microsoft Visual Studio Solution File, Format Version 12.00
# Visual Studio Version 17
VisualStudioVersion = 17.0.31903.59
MinimumVisualStudioVersion = 10.0.40219.1
Project("{FAE04EC0-301F-11D3-BF4B-00C04F79EFBC}") = "Backend", "Backend\Backend.csproj", "{1AA11C76-A53E-431D-9783-91FD5880174B}"
EndProject
Project("{FAE04EC0-301F-11D3-BF4B-00C04F79EFBC}") = "Frontend", "Frontend\Frontend.csproj", "{562F73E9-319E-4AA2-9C58-8C973D3E3220}"
EndProject
Global
	GlobalSection(SolutionConfigurationPlatforms) = preSolution
		Debug|Any CPU = Debug|Any CPU
		Release|Any CPU = Release|Any CPU
	EndGlobalSection
	GlobalSection(SolutionProperties) = preSolution
		HideSolutionNode = FALSE
	EndGlobalSection
	GlobalSection(ProjectConfigurationPlatforms) = postSolution
		{1AA11C76-A53E-431D-9783-91FD5880174B}.Debug|Any CPU.ActiveCfg = Debug|Any CPU
		{1AA11C76-A53E-431D-9783-91FD5880174B}.Debug|Any CPU.Build.0 = Debug|Any CPU
		{1AA11C76-A53E-431D-9783-91FD5880174B}.Release|Any CPU.ActiveCfg = Release|Any CPU
		{1AA11C76-A53E-431D-9783-91FD5880174B}.Release|Any CPU.Build.0 = Release|Any CPU
		{562F73E9-319E-4AA2-9C58-8C973D3E3220}.Debug|Any CPU.ActiveCfg = Debug|Any CPU
		{562F73E9-319E-4AA2-9C58-8C973D3E3220}.Debug|Any CPU.Build.0 = Debug|Any CPU
		{562F73E9-319E-4AA2-9C58-8C973D3E3220}.Release|Any CPU.ActiveCfg = Release|Any CPU
		{562F73E9-319E-4AA2-9C58-8C973D3E3220}.Release|Any CPU.Build.0 = Release|Any CPU
	EndGlobalSection
EndGlobal
